
Microsoft Visual Studio Solution File, Format Version 12.00
# Visual Studio Version 17
VisualStudioVersion = 17.13.35931.197
MinimumVisualStudioVersion = 10.0.40219.1
Project("{FAE04EC0-301F-11D3-BF4B-00C04F79EFBC}") = "Harold", "Harold\Harold.csproj", "{016FE8AE-4718-4F17-A33E-94FB3C237677}"
EndProject
Project("{FAE04EC0-301F-11D3-BF4B-00C04F79EFBC}") = "Tessera.SemanticIndexBuilder", "Tessera.SemanticIndexBuilder\Tessera.SemanticIndexBuilder.csproj", "{84D82C80-7022-6DB9-0783-616776A5E26D}"
EndProject
Project("{FAE04EC0-301F-11D3-BF4B-00C04F79EFBC}") = "Tessera.App", "Tessera.App\Tessera.App.csproj", "{E1A4BF76-06F2-4078-BA07-1B18C6FA53F5}"
EndProject
Project("{FAE04EC0-301F-11D3-BF4B-00C04F79EFBC}") = "Tessera.PolinomProvider", "Tessera.PolinomProvider\Tessera.PolinomProvider.csproj", "{2FD1CAF1-AE58-410D-BB6F-CF79B533B7BC}"
EndProject
Global
	GlobalSection(SolutionConfigurationPlatforms) = preSolution
		Debug|Any CPU = Debug|Any CPU
		Release|Any CPU = Release|Any CPU
	EndGlobalSection
	GlobalSection(ProjectConfigurationPlatforms) = postSolution
		{016FE8AE-4718-4F17-A33E-94FB3C237677}.Debug|Any CPU.ActiveCfg = Debug|Any CPU
		{016FE8AE-4718-4F17-A33E-94FB3C237677}.Debug|Any CPU.Build.0 = Debug|Any CPU
		{016FE8AE-4718-4F17-A33E-94FB3C237677}.Release|Any CPU.ActiveCfg = Release|Any CPU
		{016FE8AE-4718-4F17-A33E-94FB3C237677}.Release|Any CPU.Build.0 = Release|Any CPU
		{84D82C80-7022-6DB9-0783-616776A5E26D}.Debug|Any CPU.ActiveCfg = Debug|Any CPU
		{84D82C80-7022-6DB9-0783-616776A5E26D}.Debug|Any CPU.Build.0 = Debug|Any CPU
		{84D82C80-7022-6DB9-0783-616776A5E26D}.Release|Any CPU.ActiveCfg = Release|Any CPU
		{84D82C80-7022-6DB9-0783-616776A5E26D}.Release|Any CPU.Build.0 = Release|Any CPU
		{E1A4BF76-06F2-4078-BA07-1B18C6FA53F5}.Debug|Any CPU.ActiveCfg = Debug|Any CPU
		{E1A4BF76-06F2-4078-BA07-1B18C6FA53F5}.Debug|Any CPU.Build.0 = Debug|Any CPU
		{E1A4BF76-06F2-4078-BA07-1B18C6FA53F5}.Release|Any CPU.ActiveCfg = Release|Any CPU
		{E1A4BF76-06F2-4078-BA07-1B18C6FA53F5}.Release|Any CPU.Build.0 = Release|Any CPU
		{2FD1CAF1-AE58-410D-BB6F-CF79B533B7BC}.Debug|Any CPU.ActiveCfg = Debug|Any CPU
		{2FD1CAF1-AE58-410D-BB6F-CF79B533B7BC}.Debug|Any CPU.Build.0 = Debug|Any CPU
		{2FD1CAF1-AE58-410D-BB6F-CF79B533B7BC}.Release|Any CPU.ActiveCfg = Release|Any CPU
		{2FD1CAF1-AE58-410D-BB6F-CF79B533B7BC}.Release|Any CPU.Build.0 = Release|Any CPU
	EndGlobalSection
	GlobalSection(SolutionProperties) = preSolution
		HideSolutionNode = FALSE
	EndGlobalSection
	GlobalSection(ExtensibilityGlobals) = postSolution
		SolutionGuid = {7EAFE632-694A-45DF-B7ED-43DDEB21E741}
	EndGlobalSection
EndGlobal
